
Microsoft Visual Studio Solution File, Format Version 12.00
# Visual Studio Version 17
VisualStudioVersion = 17.11.35312.102
MinimumVisualStudioVersion = 10.0.40219.1
Project("{FAE04EC0-301F-11D3-BF4B-00C04F79EFBC}") = "CalculadoraFinanceira", "CalculadoraFinanceira.csproj", "{1611B6F4-496A-4865-A290-A3813ADB83CE}"
EndProject
Global
	GlobalSection(SolutionConfigurationPlatforms) = preSolution
		Debug|Any CPU = Debug|Any CPU
		Release|Any CPU = Release|Any CPU
	EndGlobalSection
	GlobalSection(ProjectConfigurationPlatforms) = postSolution
		{1611B6F4-496A-4865-A290-A3813ADB83CE}.Debug|Any CPU.ActiveCfg = Debug|Any CPU
		{1611B6F4-496A-4865-A290-A3813ADB83CE}.Debug|Any CPU.Build.0 = Debug|Any CPU
		{1611B6F4-496A-4865-A290-A3813ADB83CE}.Release|Any CPU.ActiveCfg = Release|Any CPU
		{1611B6F4-496A-4865-A290-A3813ADB83CE}.Release|Any CPU.Build.0 = Release|Any CPU
	EndGlobalSection
	GlobalSection(SolutionProperties) = preSolution
		HideSolutionNode = FALSE
	EndGlobalSection
	GlobalSection(ExtensibilityGlobals) = postSolution
		SolutionGuid = {A71E808C-A8F6-4404-A048-5DBB721B06CC}
	EndGlobalSection
EndGlobal
